
Microsoft Visual Studio Solution File, Format Version 12.00
# Visual Studio Version 17
VisualStudioVersion = 17.6.33723.286
MinimumVisualStudioVersion = 10.0.40219.1
Project("{FAE04EC0-301F-11D3-BF4B-00C04F79EFBC}") = "pharma-izi.core.api", "pharma-izi.core.api.csproj", "{FBDF6B4F-6D70-456E-87AD-95AC81086E61}"
EndProject
Project("{FAE04EC0-301F-11D3-BF4B-00C04F79EFBC}") = "pharma-izi.core.handler", "..\pharma-izi.core.handler\pharma-izi.core.handler.csproj", "{8EE193C1-13D1-409B-ADAF-EF6491BAD16D}"
EndProject
Project("{FAE04EC0-301F-11D3-BF4B-00C04F79EFBC}") = "pharma-izi.core.infrastructure", "..\pharma-izi.core.infrastructure\pharma-izi.core.infrastructure.csproj", "{5BA895ED-209B-4A0E-A5CB-45D1394367AB}"
EndProject
Global
	GlobalSection(SolutionConfigurationPlatforms) = preSolution
		Debug|Any CPU = Debug|Any CPU
		Release|Any CPU = Release|Any CPU
	EndGlobalSection
	GlobalSection(ProjectConfigurationPlatforms) = postSolution
		{FBDF6B4F-6D70-456E-87AD-95AC81086E61}.Debug|Any CPU.ActiveCfg = Debug|Any CPU
		{FBDF6B4F-6D70-456E-87AD-95AC81086E61}.Debug|Any CPU.Build.0 = Debug|Any CPU
		{FBDF6B4F-6D70-456E-87AD-95AC81086E61}.Release|Any CPU.ActiveCfg = Release|Any CPU
		{FBDF6B4F-6D70-456E-87AD-95AC81086E61}.Release|Any CPU.Build.0 = Release|Any CPU
		{8EE193C1-13D1-409B-ADAF-EF6491BAD16D}.Debug|Any CPU.ActiveCfg = Debug|Any CPU
		{8EE193C1-13D1-409B-ADAF-EF6491BAD16D}.Debug|Any CPU.Build.0 = Debug|Any CPU
		{8EE193C1-13D1-409B-ADAF-EF6491BAD16D}.Release|Any CPU.ActiveCfg = Release|Any CPU
		{8EE193C1-13D1-409B-ADAF-EF6491BAD16D}.Release|Any CPU.Build.0 = Release|Any CPU
		{5BA895ED-209B-4A0E-A5CB-45D1394367AB}.Debug|Any CPU.ActiveCfg = Debug|Any CPU
		{5BA895ED-209B-4A0E-A5CB-45D1394367AB}.Debug|Any CPU.Build.0 = Debug|Any CPU
		{5BA895ED-209B-4A0E-A5CB-45D1394367AB}.Release|Any CPU.ActiveCfg = Release|Any CPU
		{5BA895ED-209B-4A0E-A5CB-45D1394367AB}.Release|Any CPU.Build.0 = Release|Any CPU
	EndGlobalSection
	GlobalSection(SolutionProperties) = preSolution
		HideSolutionNode = FALSE
	EndGlobalSection
	GlobalSection(ExtensibilityGlobals) = postSolution
		SolutionGuid = {60729E1E-620D-4163-AE62-D86CB96DD75A}
	EndGlobalSection
EndGlobal
